
Microsoft Visual Studio Solution File, Format Version 12.00
# Visual Studio Version 17
VisualStudioVersion = 17.1.32228.430
MinimumVisualStudioVersion = 10.0.40219.1
Project("{FAE04EC0-301F-11D3-BF4B-00C04F79EFBC}") = "GenerateInvoice", "GenerateInvoice.csproj", "{393DFF28-C54B-4EAE-8955-D2B7CEA64EE0}"
EndProject
Global
	GlobalSection(SolutionConfigurationPlatforms) = preSolution
		Debug|Any CPU = Debug|Any CPU
		Release|Any CPU = Release|Any CPU
	EndGlobalSection
	GlobalSection(ProjectConfigurationPlatforms) = postSolution
		{393DFF28-C54B-4EAE-8955-D2B7CEA64EE0}.Debug|Any CPU.ActiveCfg = Debug|Any CPU
		{393DFF28-C54B-4EAE-8955-D2B7CEA64EE0}.Debug|Any CPU.Build.0 = Debug|Any CPU
		{393DFF28-C54B-4EAE-8955-D2B7CEA64EE0}.Release|Any CPU.ActiveCfg = Release|Any CPU
		{393DFF28-C54B-4EAE-8955-D2B7CEA64EE0}.Release|Any CPU.Build.0 = Release|Any CPU
	EndGlobalSection
	GlobalSection(SolutionProperties) = preSolution
		HideSolutionNode = FALSE
	EndGlobalSection
	GlobalSection(ExtensibilityGlobals) = postSolution
		SolutionGuid = {7E6890FF-C5C3-4F67-AC6E-EA60EC7E0E91}
	EndGlobalSection
EndGlobal
